
Microsoft Visual Studio Solution File, Format Version 12.00
# Visual Studio Version 17
VisualStudioVersion = 17.9.34902.65
MinimumVisualStudioVersion = 10.0.40219.1
Project("{FAE04EC0-301F-11D3-BF4B-00C04F79EFBC}") = "Financas.Api", "Financas.Api\Financas.Api.csproj", "{714D939D-A9E8-4937-9D7E-AEDFDC551F39}"
EndProject
Project("{FAE04EC0-301F-11D3-BF4B-00C04F79EFBC}") = "Financas.Repositorio", "Financas.Repositorio\Financas.Repositorio.csproj", "{2672B76A-25E6-4D49-9EAE-04A1CB52141F}"
EndProject
Project("{FAE04EC0-301F-11D3-BF4B-00C04F79EFBC}") = "Financas.Dominio", "Financas.Dominio\Financas.Dominio.csproj", "{972C060E-BEAA-E143-A0B3-7490673F7060}"
EndProject
Project("{FAE04EC0-301F-11D3-BF4B-00C04F79EFBC}") = "Financas.Negocio", "Financas.Negocio\Financas.Negocio.csproj", "{196C44C6-86BB-14FB-726E-9EA02BDB22D2}"
EndProject
Global
	GlobalSection(SolutionConfigurationPlatforms) = preSolution
		Debug|Any CPU = Debug|Any CPU
		Release|Any CPU = Release|Any CPU
	EndGlobalSection
	GlobalSection(ProjectConfigurationPlatforms) = postSolution
		{714D939D-A9E8-4937-9D7E-AEDFDC551F39}.Debug|Any CPU.ActiveCfg = Debug|Any CPU
		{714D939D-A9E8-4937-9D7E-AEDFDC551F39}.Debug|Any CPU.Build.0 = Debug|Any CPU
		{714D939D-A9E8-4937-9D7E-AEDFDC551F39}.Release|Any CPU.ActiveCfg = Release|Any CPU
		{714D939D-A9E8-4937-9D7E-AEDFDC551F39}.Release|Any CPU.Build.0 = Release|Any CPU
		{2672B76A-25E6-4D49-9EAE-04A1CB52141F}.Debug|Any CPU.ActiveCfg = Debug|Any CPU
		{2672B76A-25E6-4D49-9EAE-04A1CB52141F}.Debug|Any CPU.Build.0 = Debug|Any CPU
		{2672B76A-25E6-4D49-9EAE-04A1CB52141F}.Release|Any CPU.ActiveCfg = Release|Any CPU
		{2672B76A-25E6-4D49-9EAE-04A1CB52141F}.Release|Any CPU.Build.0 = Release|Any CPU
		{972C060E-BEAA-E143-A0B3-7490673F7060}.Debug|Any CPU.ActiveCfg = Debug|Any CPU
		{972C060E-BEAA-E143-A0B3-7490673F7060}.Debug|Any CPU.Build.0 = Debug|Any CPU
		{972C060E-BEAA-E143-A0B3-7490673F7060}.Release|Any CPU.ActiveCfg = Release|Any CPU
		{972C060E-BEAA-E143-A0B3-7490673F7060}.Release|Any CPU.Build.0 = Release|Any CPU
		{196C44C6-86BB-14FB-726E-9EA02BDB22D2}.Debug|Any CPU.ActiveCfg = Debug|Any CPU
		{196C44C6-86BB-14FB-726E-9EA02BDB22D2}.Debug|Any CPU.Build.0 = Debug|Any CPU
		{196C44C6-86BB-14FB-726E-9EA02BDB22D2}.Release|Any CPU.ActiveCfg = Release|Any CPU
		{196C44C6-86BB-14FB-726E-9EA02BDB22D2}.Release|Any CPU.Build.0 = Release|Any CPU
	EndGlobalSection
	GlobalSection(SolutionProperties) = preSolution
		HideSolutionNode = FALSE
	EndGlobalSection
	GlobalSection(ExtensibilityGlobals) = postSolution
		SolutionGuid = {EEEF30BC-E6BD-404A-8241-174043056BDA}
	EndGlobalSection
EndGlobal
